
Microsoft Visual Studio Solution File, Format Version 12.00
# Visual Studio Version 17
VisualStudioVersion = 17.14.36408.4 d17.14
MinimumVisualStudioVersion = 10.0.40219.1
Project("{FAE04EC0-301F-11D3-BF4B-00C04F79EFBC}") = "ltweb_btlon", "ltweb_btlon.csproj", "{390B15C6-85FF-4579-99FA-6C8A806E7EA1}"
EndProject
Global
	GlobalSection(SolutionConfigurationPlatforms) = preSolution
		Debug|Any CPU = Debug|Any CPU
		Release|Any CPU = Release|Any CPU
	EndGlobalSection
	GlobalSection(ProjectConfigurationPlatforms) = postSolution
		{390B15C6-85FF-4579-99FA-6C8A806E7EA1}.Debug|Any CPU.ActiveCfg = Debug|Any CPU
		{390B15C6-85FF-4579-99FA-6C8A806E7EA1}.Debug|Any CPU.Build.0 = Debug|Any CPU
		{390B15C6-85FF-4579-99FA-6C8A806E7EA1}.Release|Any CPU.ActiveCfg = Release|Any CPU
		{390B15C6-85FF-4579-99FA-6C8A806E7EA1}.Release|Any CPU.Build.0 = Release|Any CPU
	EndGlobalSection
	GlobalSection(SolutionProperties) = preSolution
		HideSolutionNode = FALSE
	EndGlobalSection
	GlobalSection(ExtensibilityGlobals) = postSolution
		SolutionGuid = {86116275-FF7E-4A9D-9EAB-D30EC64DB395}
	EndGlobalSection
EndGlobal
